
Microsoft Visual Studio Solution File, Format Version 12.00
# Visual Studio 14
VisualStudioVersion = 14.0.23107.0
MinimumVisualStudioVersion = 10.0.40219.1
Project("{FAE04EC0-301F-11D3-BF4B-00C04F79EFBC}") = "FtpServer.Core", "FtpServer.Core\FtpServer.Core.csproj", "{C2040A6B-C2C1-46E6-91AA-59027943180E}"
EndProject
Project("{2150E333-8FDC-42A3-9474-1A3956D46DE8}") = "tests", "tests", "{05BEBB08-2F51-49C4-A8FD-D0044D930DA9}"
EndProject
Project("{FAE04EC0-301F-11D3-BF4B-00C04F79EFBC}") = "FtpServer.Tests", "FtpServer.Tests\FtpServer.Tests.csproj", "{A494905A-3F97-4000-A39B-8A9DC4272781}"
EndProject
Global
	GlobalSection(SolutionConfigurationPlatforms) = preSolution
		Debug|Any CPU = Debug|Any CPU
		Release|Any CPU = Release|Any CPU
	EndGlobalSection
	GlobalSection(ProjectConfigurationPlatforms) = postSolution
		{C2040A6B-C2C1-46E6-91AA-59027943180E}.Debug|Any CPU.ActiveCfg = Debug|Any CPU
		{C2040A6B-C2C1-46E6-91AA-59027943180E}.Debug|Any CPU.Build.0 = Debug|Any CPU
		{C2040A6B-C2C1-46E6-91AA-59027943180E}.Release|Any CPU.ActiveCfg = Release|Any CPU
		{C2040A6B-C2C1-46E6-91AA-59027943180E}.Release|Any CPU.Build.0 = Release|Any CPU
		{A494905A-3F97-4000-A39B-8A9DC4272781}.Debug|Any CPU.ActiveCfg = Debug|Any CPU
		{A494905A-3F97-4000-A39B-8A9DC4272781}.Debug|Any CPU.Build.0 = Debug|Any CPU
		{A494905A-3F97-4000-A39B-8A9DC4272781}.Release|Any CPU.ActiveCfg = Release|Any CPU
		{A494905A-3F97-4000-A39B-8A9DC4272781}.Release|Any CPU.Build.0 = Release|Any CPU
	EndGlobalSection
	GlobalSection(SolutionProperties) = preSolution
		HideSolutionNode = FALSE
	EndGlobalSection
	GlobalSection(NestedProjects) = preSolution
		{A494905A-3F97-4000-A39B-8A9DC4272781} = {05BEBB08-2F51-49C4-A8FD-D0044D930DA9}
	EndGlobalSection
EndGlobal
